# This is a Gradle generated file for dependency locking.
# Manual edits can break the build and are not advised.
# This file is expected to be part of source control.
com.github.spotbugs:spotbugs-annotations:4.7.3=spotbugs
com.github.spotbugs:spotbugs:4.7.3=spotbugs
com.google.auto.value:auto-value:1.10.1=annotationProcessor
com.google.code.findbugs:jsr305:3.0.2=spotbugs,spotless865455342
com.google.code.gson:gson:2.9.1=spotbugs
com.google.errorprone:error_prone_annotations:2.7.1=spotless865455342
com.google.googlejavaformat:google-java-format:1.15.0=spotless865455342
com.google.guava:failureaccess:1.0.1=spotless865455342
com.google.guava:guava:31.0.1-jre=spotless865455342
com.google.guava:listenablefuture:9999.0-empty-to-avoid-conflict-with-guava=spotless865455342
com.google.j2objc:j2objc-annotations:1.3=spotless865455342
commons-codec:commons-codec:1.15=spotbugs
io.swagger.codegen.v3:swagger-codegen-cli:3.0.23=swaggerCodegen
jaxen:jaxen:1.2.0=spotbugs
net.jcip:jcip-annotations:1.0=spotbugs
net.sf.saxon:Saxon-HE:11.4=spotbugs
org.apache.bcel:bcel:6.5.0=spotbugs
org.apache.commons:commons-lang3:3.12.0=spotbugs
org.apache.commons:commons-text:1.10.0=spotbugs
org.apache.httpcomponents.client5:httpclient5:5.1.4=spotbugs
org.apache.httpcomponents.core5:httpcore5-h2:5.1.5=spotbugs
org.apache.httpcomponents.core5:httpcore5:5.1.5=spotbugs
org.apache.logging.log4j:log4j-api:2.19.0=spotbugs
org.apache.logging.log4j:log4j-core:2.19.0=spotbugs
org.checkerframework:checker-qual:3.12.0=spotless865455342
org.dom4j:dom4j:2.1.3=spotbugs
org.jacoco:org.jacoco.agent:0.8.7=jacocoAgent,jacocoAnt
org.jacoco:org.jacoco.ant:0.8.7=jacocoAnt
org.jacoco:org.jacoco.core:0.8.7=jacocoAnt
org.jacoco:org.jacoco.report:0.8.7=jacocoAnt
org.junit:junit-bom:5.9.1=spotbugs
org.ow2.asm:asm-analysis:9.1=jacocoAnt
org.ow2.asm:asm-analysis:9.4=spotbugs
org.ow2.asm:asm-commons:9.1=jacocoAnt
org.ow2.asm:asm-commons:9.4=spotbugs
org.ow2.asm:asm-tree:9.1=jacocoAnt
org.ow2.asm:asm-tree:9.4=spotbugs
org.ow2.asm:asm-util:9.4=spotbugs
org.ow2.asm:asm:9.1=jacocoAnt
org.ow2.asm:asm:9.4=spotbugs
org.slf4j:slf4j-api:2.0.6=spotbugs,spotbugsSlf4j
org.slf4j:slf4j-simple:2.0.0=spotbugsSlf4j
org.springframework.boot:spring-boot-configuration-processor:3.0.1=annotationProcessor
org.xmlresolver:xmlresolver:4.4.3=spotbugs
xml-apis:xml-apis:1.4.01=spotbugs
empty=developmentOnly,spotbugsPlugins,swaggerTemplate,swaggerUI,testAnnotationProcessor
